
Microsoft Visual Studio Solution File, Format Version 12.00
# Visual Studio Version 17
VisualStudioVersion = 17.3.32922.545
MinimumVisualStudioVersion = 10.0.40219.1
Project("{FAE04EC0-301F-11D3-BF4B-00C04F79EFBC}") = "DogShop", "DogShop.csproj", "{CA5032D7-15FC-4CE7-A8BD-FA372351CCCF}"
EndProject
Global
	GlobalSection(SolutionConfigurationPlatforms) = preSolution
		Debug|Any CPU = Debug|Any CPU
		Release|Any CPU = Release|Any CPU
	EndGlobalSection
	GlobalSection(ProjectConfigurationPlatforms) = postSolution
		{CA5032D7-15FC-4CE7-A8BD-FA372351CCCF}.Debug|Any CPU.ActiveCfg = Debug|Any CPU
		{CA5032D7-15FC-4CE7-A8BD-FA372351CCCF}.Debug|Any CPU.Build.0 = Debug|Any CPU
		{CA5032D7-15FC-4CE7-A8BD-FA372351CCCF}.Release|Any CPU.ActiveCfg = Release|Any CPU
		{CA5032D7-15FC-4CE7-A8BD-FA372351CCCF}.Release|Any CPU.Build.0 = Release|Any CPU
	EndGlobalSection
	GlobalSection(SolutionProperties) = preSolution
		HideSolutionNode = FALSE
	EndGlobalSection
	GlobalSection(ExtensibilityGlobals) = postSolution
		SolutionGuid = {A78CFBD1-37FD-42A3-B06E-6A25BE6CBFFB}
	EndGlobalSection
EndGlobal
